
Microsoft Visual Studio Solution File, Format Version 12.00
# Visual Studio 15
VisualStudioVersion = 15.0.28307.757
MinimumVisualStudioVersion = 10.0.40219.1
Project("{FAE04EC0-301F-11D3-BF4B-00C04F79EFBC}") = "ConverterStringFormat.Android", "ConverterStringFormat\ConverterStringFormat.Android\ConverterStringFormat.Android.csproj", "{3462BB33-487B-4DB9-8DD6-08806C8C8AF1}"
EndProject
Project("{FAE04EC0-301F-11D3-BF4B-00C04F79EFBC}") = "ConverterStringFormat.iOS", "ConverterStringFormat\ConverterStringFormat.iOS\ConverterStringFormat.iOS.csproj", "{B0F0822F-2E98-4B0F-B3F9-DE07876A4924}"
EndProject
Project("{9A19103F-16F7-4668-BE54-9A1E7A4F7556}") = "ConverterStringFormat", "ConverterStringFormat\ConverterStringFormat\ConverterStringFormat.csproj", "{D523B446-3D9A-47E5-B6DB-33D7747247AC}"
EndProject
Project("{9A19103F-16F7-4668-BE54-9A1E7A4F7556}") = "JaraIO", "JaraIO\JaraIO.csproj", "{D5348E26-D99D-4598-B074-5A685962B26B}"
EndProject
Global
	GlobalSection(SolutionConfigurationPlatforms) = preSolution
		Ad-Hoc|Any CPU = Ad-Hoc|Any CPU
		Ad-Hoc|iPhone = Ad-Hoc|iPhone
		Ad-Hoc|iPhoneSimulator = Ad-Hoc|iPhoneSimulator
		AppStore|Any CPU = AppStore|Any CPU
		AppStore|iPhone = AppStore|iPhone
		AppStore|iPhoneSimulator = AppStore|iPhoneSimulator
		Debug|Any CPU = Debug|Any CPU
		Debug|iPhone = Debug|iPhone
		Debug|iPhoneSimulator = Debug|iPhoneSimulator
		Release|Any CPU = Release|Any CPU
		Release|iPhone = Release|iPhone
		Release|iPhoneSimulator = Release|iPhoneSimulator
	EndGlobalSection
	GlobalSection(ProjectConfigurationPlatforms) = postSolution
		{3462BB33-487B-4DB9-8DD6-08806C8C8AF1}.Ad-Hoc|Any CPU.ActiveCfg = Release|Any CPU
		{3462BB33-487B-4DB9-8DD6-08806C8C8AF1}.Ad-Hoc|Any CPU.Build.0 = Release|Any CPU
		{3462BB33-487B-4DB9-8DD6-08806C8C8AF1}.Ad-Hoc|Any CPU.Deploy.0 = Release|Any CPU
		{3462BB33-487B-4DB9-8DD6-08806C8C8AF1}.Ad-Hoc|iPhone.ActiveCfg = Release|Any CPU
		{3462BB33-487B-4DB9-8DD6-08806C8C8AF1}.Ad-Hoc|iPhone.Build.0 = Release|Any CPU
		{3462BB33-487B-4DB9-8DD6-08806C8C8AF1}.Ad-Hoc|iPhone.Deploy.0 = Release|Any CPU
		{3462BB33-487B-4DB9-8DD6-08806C8C8AF1}.Ad-Hoc|iPhoneSimulator.ActiveCfg = Release|Any CPU
		{3462BB33-487B-4DB9-8DD6-08806C8C8AF1}.Ad-Hoc|iPhoneSimulator.Build.0 = Release|Any CPU
		{3462BB33-487B-4DB9-8DD6-08806C8C8AF1}.Ad-Hoc|iPhoneSimulator.Deploy.0 = Release|Any CPU
		{3462BB33-487B-4DB9-8DD6-08806C8C8AF1}.AppStore|Any CPU.ActiveCfg = Release|Any CPU
		{3462BB33-487B-4DB9-8DD6-08806C8C8AF1}.AppStore|Any CPU.Build.0 = Release|Any CPU
		{3462BB33-487B-4DB9-8DD6-08806C8C8AF1}.AppStore|Any CPU.Deploy.0 = Release|Any CPU
		{3462BB33-487B-4DB9-8DD6-08806C8C8AF1}.AppStore|iPhone.ActiveCfg = Release|Any CPU
		{3462BB33-487B-4DB9-8DD6-08806C8C8AF1}.AppStore|iPhone.Build.0 = Release|Any CPU
		{3462BB33-487B-4DB9-8DD6-08806C8C8AF1}.AppStore|iPhone.Deploy.0 = Release|Any CPU
		{3462BB33-487B-4DB9-8DD6-08806C8C8AF1}.AppStore|iPhoneSimulator.ActiveCfg = Release|Any CPU
		{3462BB33-487B-4DB9-8DD6-08806C8C8AF1}.AppStore|iPhoneSimulator.Build.0 = Release|Any CPU
		{3462BB33-487B-4DB9-8DD6-08806C8C8AF1}.AppStore|iPhoneSimulator.Deploy.0 = Release|Any CPU
		{3462BB33-487B-4DB9-8DD6-08806C8C8AF1}.Debug|Any CPU.ActiveCfg = Debug|Any CPU
		{3462BB33-487B-4DB9-8DD6-08806C8C8AF1}.Debug|Any CPU.Build.0 = Debug|Any CPU
		{3462BB33-487B-4DB9-8DD6-08806C8C8AF1}.Debug|Any CPU.Deploy.0 = Debug|Any CPU
		{3462BB33-487B-4DB9-8DD6-08806C8C8AF1}.Debug|iPhone.ActiveCfg = Debug|Any CPU
		{3462BB33-487B-4DB9-8DD6-08806C8C8AF1}.Debug|iPhone.Build.0 = Debug|Any CPU
		{3462BB33-487B-4DB9-8DD6-08806C8C8AF1}.Debug|iPhone.Deploy.0 = Debug|Any CPU
		{3462BB33-487B-4DB9-8DD6-08806C8C8AF1}.Debug|iPhoneSimulator.ActiveCfg = Debug|Any CPU
		{3462BB33-487B-4DB9-8DD6-08806C8C8AF1}.Debug|iPhoneSimulator.Build.0 = Debug|Any CPU
		{3462BB33-487B-4DB9-8DD6-08806C8C8AF1}.Debug|iPhoneSimulator.Deploy.0 = Debug|Any CPU
		{3462BB33-487B-4DB9-8DD6-08806C8C8AF1}.Release|Any CPU.ActiveCfg = Release|Any CPU
		{3462BB33-487B-4DB9-8DD6-08806C8C8AF1}.Release|Any CPU.Build.0 = Release|Any CPU
		{3462BB33-487B-4DB9-8DD6-08806C8C8AF1}.Release|Any CPU.Deploy.0 = Release|Any CPU
		{3462BB33-487B-4DB9-8DD6-08806C8C8AF1}.Release|iPhone.ActiveCfg = Release|Any CPU
		{3462BB33-487B-4DB9-8DD6-08806C8C8AF1}.Release|iPhone.Build.0 = Release|Any CPU
		{3462BB33-487B-4DB9-8DD6-08806C8C8AF1}.Release|iPhone.Deploy.0 = Release|Any CPU
		{3462BB33-487B-4DB9-8DD6-08806C8C8AF1}.Release|iPhoneSimulator.ActiveCfg = Release|Any CPU
		{3462BB33-487B-4DB9-8DD6-08806C8C8AF1}.Release|iPhoneSimulator.Build.0 = Release|Any CPU
		{3462BB33-487B-4DB9-8DD6-08806C8C8AF1}.Release|iPhoneSimulator.Deploy.0 = Release|Any CPU
		{B0F0822F-2E98-4B0F-B3F9-DE07876A4924}.Ad-Hoc|Any CPU.ActiveCfg = Ad-Hoc|iPhone
		{B0F0822F-2E98-4B0F-B3F9-DE07876A4924}.Ad-Hoc|Any CPU.Build.0 = Ad-Hoc|iPhone
		{B0F0822F-2E98-4B0F-B3F9-DE07876A4924}.Ad-Hoc|Any CPU.Deploy.0 = Ad-Hoc|iPhone
		{B0F0822F-2E98-4B0F-B3F9-DE07876A4924}.Ad-Hoc|iPhone.ActiveCfg = Ad-Hoc|iPhone
		{B0F0822F-2E98-4B0F-B3F9-DE07876A4924}.Ad-Hoc|iPhone.Build.0 = Ad-Hoc|iPhone
		{B0F0822F-2E98-4B0F-B3F9-DE07876A4924}.Ad-Hoc|iPhone.Deploy.0 = Ad-Hoc|iPhone
		{B0F0822F-2E98-4B0F-B3F9-DE07876A4924}.Ad-Hoc|iPhoneSimulator.ActiveCfg = Ad-Hoc|iPhoneSimulator
		{B0F0822F-2E98-4B0F-B3F9-DE07876A4924}.Ad-Hoc|iPhoneSimulator.Build.0 = Ad-Hoc|iPhoneSimulator
		{B0F0822F-2E98-4B0F-B3F9-DE07876A4924}.Ad-Hoc|iPhoneSimulator.Deploy.0 = Ad-Hoc|iPhoneSimulator
		{B0F0822F-2E98-4B0F-B3F9-DE07876A4924}.AppStore|Any CPU.ActiveCfg = AppStore|iPhone
		{B0F0822F-2E98-4B0F-B3F9-DE07876A4924}.AppStore|Any CPU.Build.0 = AppStore|iPhone
		{B0F0822F-2E98-4B0F-B3F9-DE07876A4924}.AppStore|Any CPU.Deploy.0 = AppStore|iPhone
		{B0F0822F-2E98-4B0F-B3F9-DE07876A4924}.AppStore|iPhone.ActiveCfg = AppStore|iPhone
		{B0F0822F-2E98-4B0F-B3F9-DE07876A4924}.AppStore|iPhone.Build.0 = AppStore|iPhone
		{B0F0822F-2E98-4B0F-B3F9-DE07876A4924}.AppStore|iPhone.Deploy.0 = AppStore|iPhone
		{B0F0822F-2E98-4B0F-B3F9-DE07876A4924}.AppStore|iPhoneSimulator.ActiveCfg = AppStore|iPhoneSimulator
		{B0F0822F-2E98-4B0F-B3F9-DE07876A4924}.AppStore|iPhoneSimulator.Build.0 = AppStore|iPhoneSimulator
		{B0F0822F-2E98-4B0F-B3F9-DE07876A4924}.AppStore|iPhoneSimulator.Deploy.0 = AppStore|iPhoneSimulator
		{B0F0822F-2E98-4B0F-B3F9-DE07876A4924}.Debug|Any CPU.ActiveCfg = Debug|iPhoneSimulator
		{B0F0822F-2E98-4B0F-B3F9-DE07876A4924}.Debug|Any CPU.Build.0 = Debug|iPhoneSimulator
		{B0F0822F-2E98-4B0F-B3F9-DE07876A4924}.Debug|Any CPU.Deploy.0 = Debug|iPhoneSimulator
		{B0F0822F-2E98-4B0F-B3F9-DE07876A4924}.Debug|iPhone.ActiveCfg = Debug|iPhone
		{B0F0822F-2E98-4B0F-B3F9-DE07876A4924}.Debug|iPhone.Build.0 = Debug|iPhone
		{B0F0822F-2E98-4B0F-B3F9-DE07876A4924}.Debug|iPhone.Deploy.0 = Debug|iPhone
		{B0F0822F-2E98-4B0F-B3F9-DE07876A4924}.Debug|iPhoneSimulator.ActiveCfg = Debug|iPhoneSimulator
		{B0F0822F-2E98-4B0F-B3F9-DE07876A4924}.Debug|iPhoneSimulator.Build.0 = Debug|iPhoneSimulator
		{B0F0822F-2E98-4B0F-B3F9-DE07876A4924}.Debug|iPhoneSimulator.Deploy.0 = Debug|iPhoneSimulator
		{B0F0822F-2E98-4B0F-B3F9-DE07876A4924}.Release|Any CPU.ActiveCfg = Release|iPhone
		{B0F0822F-2E98-4B0F-B3F9-DE07876A4924}.Release|Any CPU.Build.0 = Release|iPhone
		{B0F0822F-2E98-4B0F-B3F9-DE07876A4924}.Release|Any CPU.Deploy.0 = Release|iPhone
		{B0F0822F-2E98-4B0F-B3F9-DE07876A4924}.Release|iPhone.ActiveCfg = Release|iPhone
		{B0F0822F-2E98-4B0F-B3F9-DE07876A4924}.Release|iPhone.Build.0 = Release|iPhone
		{B0F0822F-2E98-4B0F-B3F9-DE07876A4924}.Release|iPhone.Deploy.0 = Release|iPhone
		{B0F0822F-2E98-4B0F-B3F9-DE07876A4924}.Release|iPhoneSimulator.ActiveCfg = Release|iPhoneSimulator
		{B0F0822F-2E98-4B0F-B3F9-DE07876A4924}.Release|iPhoneSimulator.Build.0 = Release|iPhoneSimulator
		{B0F0822F-2E98-4B0F-B3F9-DE07876A4924}.Release|iPhoneSimulator.Deploy.0 = Release|iPhoneSimulator
		{D523B446-3D9A-47E5-B6DB-33D7747247AC}.Ad-Hoc|Any CPU.ActiveCfg = Debug|Any CPU
		{D523B446-3D9A-47E5-B6DB-33D7747247AC}.Ad-Hoc|Any CPU.Build.0 = Debug|Any CPU
		{D523B446-3D9A-47E5-B6DB-33D7747247AC}.Ad-Hoc|Any CPU.Deploy.0 = Debug|Any CPU
		{D523B446-3D9A-47E5-B6DB-33D7747247AC}.Ad-Hoc|iPhone.ActiveCfg = Debug|Any CPU
		{D523B446-3D9A-47E5-B6DB-33D7747247AC}.Ad-Hoc|iPhone.Build.0 = Debug|Any CPU
		{D523B446-3D9A-47E5-B6DB-33D7747247AC}.Ad-Hoc|iPhone.Deploy.0 = Debug|Any CPU
		{D523B446-3D9A-47E5-B6DB-33D7747247AC}.Ad-Hoc|iPhoneSimulator.ActiveCfg = Debug|Any CPU
		{D523B446-3D9A-47E5-B6DB-33D7747247AC}.Ad-Hoc|iPhoneSimulator.Build.0 = Debug|Any CPU
		{D523B446-3D9A-47E5-B6DB-33D7747247AC}.Ad-Hoc|iPhoneSimulator.Deploy.0 = Debug|Any CPU
		{D523B446-3D9A-47E5-B6DB-33D7747247AC}.AppStore|Any CPU.ActiveCfg = Debug|Any CPU
		{D523B446-3D9A-47E5-B6DB-33D7747247AC}.AppStore|Any CPU.Build.0 = Debug|Any CPU
		{D523B446-3D9A-47E5-B6DB-33D7747247AC}.AppStore|Any CPU.Deploy.0 = Debug|Any CPU
		{D523B446-3D9A-47E5-B6DB-33D7747247AC}.AppStore|iPhone.ActiveCfg = Debug|Any CPU
		{D523B446-3D9A-47E5-B6DB-33D7747247AC}.AppStore|iPhone.Build.0 = Debug|Any CPU
		{D523B446-3D9A-47E5-B6DB-33D7747247AC}.AppStore|iPhone.Deploy.0 = Debug|Any CPU
		{D523B446-3D9A-47E5-B6DB-33D7747247AC}.AppStore|iPhoneSimulator.ActiveCfg = Debug|Any CPU
		{D523B446-3D9A-47E5-B6DB-33D7747247AC}.AppStore|iPhoneSimulator.Build.0 = Debug|Any CPU
		{D523B446-3D9A-47E5-B6DB-33D7747247AC}.AppStore|iPhoneSimulator.Deploy.0 = Debug|Any CPU
		{D523B446-3D9A-47E5-B6DB-33D7747247AC}.Debug|Any CPU.ActiveCfg = Debug|Any CPU
		{D523B446-3D9A-47E5-B6DB-33D7747247AC}.Debug|Any CPU.Build.0 = Debug|Any CPU
		{D523B446-3D9A-47E5-B6DB-33D7747247AC}.Debug|Any CPU.Deploy.0 = Debug|Any CPU
		{D523B446-3D9A-47E5-B6DB-33D7747247AC}.Debug|iPhone.ActiveCfg = Debug|Any CPU
		{D523B446-3D9A-47E5-B6DB-33D7747247AC}.Debug|iPhone.Build.0 = Debug|Any CPU
		{D523B446-3D9A-47E5-B6DB-33D7747247AC}.Debug|iPhone.Deploy.0 = Debug|Any CPU
		{D523B446-3D9A-47E5-B6DB-33D7747247AC}.Debug|iPhoneSimulator.ActiveCfg = Debug|Any CPU
		{D523B446-3D9A-47E5-B6DB-33D7747247AC}.Debug|iPhoneSimulator.Build.0 = Debug|Any CPU
		{D523B446-3D9A-47E5-B6DB-33D7747247AC}.Debug|iPhoneSimulator.Deploy.0 = Debug|Any CPU
		{D523B446-3D9A-47E5-B6DB-33D7747247AC}.Release|Any CPU.ActiveCfg = Release|Any CPU
		{D523B446-3D9A-47E5-B6DB-33D7747247AC}.Release|Any CPU.Build.0 = Release|Any CPU
		{D523B446-3D9A-47E5-B6DB-33D7747247AC}.Release|Any CPU.Deploy.0 = Release|Any CPU
		{D523B446-3D9A-47E5-B6DB-33D7747247AC}.Release|iPhone.ActiveCfg = Release|Any CPU
		{D523B446-3D9A-47E5-B6DB-33D7747247AC}.Release|iPhone.Build.0 = Release|Any CPU
		{D523B446-3D9A-47E5-B6DB-33D7747247AC}.Release|iPhone.Deploy.0 = Release|Any CPU
		{D523B446-3D9A-47E5-B6DB-33D7747247AC}.Release|iPhoneSimulator.ActiveCfg = Release|Any CPU
		{D523B446-3D9A-47E5-B6DB-33D7747247AC}.Release|iPhoneSimulator.Build.0 = Release|Any CPU
		{D523B446-3D9A-47E5-B6DB-33D7747247AC}.Release|iPhoneSimulator.Deploy.0 = Release|Any CPU
		{D5348E26-D99D-4598-B074-5A685962B26B}.Ad-Hoc|Any CPU.ActiveCfg = Debug|Any CPU
		{D5348E26-D99D-4598-B074-5A685962B26B}.Ad-Hoc|Any CPU.Build.0 = Debug|Any CPU
		{D5348E26-D99D-4598-B074-5A685962B26B}.Ad-Hoc|iPhone.ActiveCfg = Debug|Any CPU
		{D5348E26-D99D-4598-B074-5A685962B26B}.Ad-Hoc|iPhone.Build.0 = Debug|Any CPU
		{D5348E26-D99D-4598-B074-5A685962B26B}.Ad-Hoc|iPhoneSimulator.ActiveCfg = Debug|Any CPU
		{D5348E26-D99D-4598-B074-5A685962B26B}.Ad-Hoc|iPhoneSimulator.Build.0 = Debug|Any CPU
		{D5348E26-D99D-4598-B074-5A685962B26B}.AppStore|Any CPU.ActiveCfg = Debug|Any CPU
		{D5348E26-D99D-4598-B074-5A685962B26B}.AppStore|Any CPU.Build.0 = Debug|Any CPU
		{D5348E26-D99D-4598-B074-5A685962B26B}.AppStore|iPhone.ActiveCfg = Debug|Any CPU
		{D5348E26-D99D-4598-B074-5A685962B26B}.AppStore|iPhone.Build.0 = Debug|Any CPU
		{D5348E26-D99D-4598-B074-5A685962B26B}.AppStore|iPhoneSimulator.ActiveCfg = Debug|Any CPU
		{D5348E26-D99D-4598-B074-5A685962B26B}.AppStore|iPhoneSimulator.Build.0 = Debug|Any CPU
		{D5348E26-D99D-4598-B074-5A685962B26B}.Debug|Any CPU.ActiveCfg = Debug|Any CPU
		{D5348E26-D99D-4598-B074-5A685962B26B}.Debug|Any CPU.Build.0 = Debug|Any CPU
		{D5348E26-D99D-4598-B074-5A685962B26B}.Debug|iPhone.ActiveCfg = Debug|Any CPU
		{D5348E26-D99D-4598-B074-5A685962B26B}.Debug|iPhone.Build.0 = Debug|Any CPU
		{D5348E26-D99D-4598-B074-5A685962B26B}.Debug|iPhoneSimulator.ActiveCfg = Debug|Any CPU
		{D5348E26-D99D-4598-B074-5A685962B26B}.Debug|iPhoneSimulator.Build.0 = Debug|Any CPU
		{D5348E26-D99D-4598-B074-5A685962B26B}.Release|Any CPU.ActiveCfg = Release|Any CPU
		{D5348E26-D99D-4598-B074-5A685962B26B}.Release|Any CPU.Build.0 = Release|Any CPU
		{D5348E26-D99D-4598-B074-5A685962B26B}.Release|iPhone.ActiveCfg = Release|Any CPU
		{D5348E26-D99D-4598-B074-5A685962B26B}.Release|iPhone.Build.0 = Release|Any CPU
		{D5348E26-D99D-4598-B074-5A685962B26B}.Release|iPhoneSimulator.ActiveCfg = Release|Any CPU
		{D5348E26-D99D-4598-B074-5A685962B26B}.Release|iPhoneSimulator.Build.0 = Release|Any CPU
	EndGlobalSection
	GlobalSection(SolutionProperties) = preSolution
		HideSolutionNode = FALSE
	EndGlobalSection
	GlobalSection(ExtensibilityGlobals) = postSolution
		SolutionGuid = {1C4BDFBB-E85D-4FB0-8F63-2BD15FBB1461}
	EndGlobalSection
EndGlobal
